
Microsoft Visual Studio Solution File, Format Version 12.00
# Visual Studio Version 16
VisualStudioVersion = 16.0.29215.179
MinimumVisualStudioVersion = 10.0.40219.1
Project("{FAE04EC0-301F-11D3-BF4B-00C04F79EFBC}") = "CompGeomVis", "CompGeomVis.csproj", "{6C7E777A-6B57-4DBC-A9A2-4CAE38970157}"
EndProject
Global
	GlobalSection(SolutionConfigurationPlatforms) = preSolution
		Debug|Any CPU = Debug|Any CPU
		Release|Any CPU = Release|Any CPU
	EndGlobalSection
	GlobalSection(ProjectConfigurationPlatforms) = postSolution
		{6C7E777A-6B57-4DBC-A9A2-4CAE38970157}.Debug|Any CPU.ActiveCfg = Debug|Any CPU
		{6C7E777A-6B57-4DBC-A9A2-4CAE38970157}.Debug|Any CPU.Build.0 = Debug|Any CPU
		{6C7E777A-6B57-4DBC-A9A2-4CAE38970157}.Release|Any CPU.ActiveCfg = Release|Any CPU
		{6C7E777A-6B57-4DBC-A9A2-4CAE38970157}.Release|Any CPU.Build.0 = Release|Any CPU
	EndGlobalSection
	GlobalSection(SolutionProperties) = preSolution
		HideSolutionNode = FALSE
	EndGlobalSection
	GlobalSection(ExtensibilityGlobals) = postSolution
		SolutionGuid = {5388B346-5363-41AE-B7D8-DE24CC3067CF}
	EndGlobalSection
EndGlobal
